
Microsoft Visual Studio Solution File, Format Version 12.00
# Visual Studio 15
VisualStudioVersion = 15.0.28307.271
MinimumVisualStudioVersion = 10.0.40219.1
Project("{FAE04EC0-301F-11D3-BF4B-00C04F79EFBC}") = "XFloatingWidget.Droid", "XFloatingWidget.Droid\XFloatingWidget.Droid.csproj", "{6EFD75F9-BDBE-4806-9392-54A58F0AF454}"
EndProject
Project("{FAE04EC0-301F-11D3-BF4B-00C04F79EFBC}") = "XFloatingWidget.Touch", "XFloatingWidget.Touch\XFloatingWidget.Touch.csproj", "{897D3B7E-32FC-47A8-9710-26D3728CB77C}"
EndProject
Global
	GlobalSection(SolutionConfigurationPlatforms) = preSolution
		Debug|Any CPU = Debug|Any CPU
		Release|Any CPU = Release|Any CPU
		Debug|iPhoneSimulator = Debug|iPhoneSimulator
		Release|iPhone = Release|iPhone
		Release|iPhoneSimulator = Release|iPhoneSimulator
		Debug|iPhone = Debug|iPhone
	EndGlobalSection
	GlobalSection(ProjectConfigurationPlatforms) = postSolution
		{6EFD75F9-BDBE-4806-9392-54A58F0AF454}.Debug|Any CPU.ActiveCfg = Debug|Any CPU
		{6EFD75F9-BDBE-4806-9392-54A58F0AF454}.Debug|Any CPU.Build.0 = Debug|Any CPU
		{6EFD75F9-BDBE-4806-9392-54A58F0AF454}.Debug|Any CPU.Deploy.0 = Debug|Any CPU
		{6EFD75F9-BDBE-4806-9392-54A58F0AF454}.Release|Any CPU.ActiveCfg = Release|Any CPU
		{6EFD75F9-BDBE-4806-9392-54A58F0AF454}.Release|Any CPU.Build.0 = Release|Any CPU
		{6EFD75F9-BDBE-4806-9392-54A58F0AF454}.Release|Any CPU.Deploy.0 = Release|Any CPU
		{6EFD75F9-BDBE-4806-9392-54A58F0AF454}.Debug|iPhoneSimulator.ActiveCfg = Debug|Any CPU
		{6EFD75F9-BDBE-4806-9392-54A58F0AF454}.Debug|iPhoneSimulator.Build.0 = Debug|Any CPU
		{6EFD75F9-BDBE-4806-9392-54A58F0AF454}.Release|iPhone.ActiveCfg = Release|Any CPU
		{6EFD75F9-BDBE-4806-9392-54A58F0AF454}.Release|iPhone.Build.0 = Release|Any CPU
		{6EFD75F9-BDBE-4806-9392-54A58F0AF454}.Release|iPhoneSimulator.ActiveCfg = Release|Any CPU
		{6EFD75F9-BDBE-4806-9392-54A58F0AF454}.Release|iPhoneSimulator.Build.0 = Release|Any CPU
		{6EFD75F9-BDBE-4806-9392-54A58F0AF454}.Debug|iPhone.ActiveCfg = Debug|Any CPU
		{6EFD75F9-BDBE-4806-9392-54A58F0AF454}.Debug|iPhone.Build.0 = Debug|Any CPU
		{897D3B7E-32FC-47A8-9710-26D3728CB77C}.Debug|Any CPU.ActiveCfg = Debug|iPhoneSimulator
		{897D3B7E-32FC-47A8-9710-26D3728CB77C}.Debug|Any CPU.Build.0 = Debug|iPhoneSimulator
		{897D3B7E-32FC-47A8-9710-26D3728CB77C}.Release|Any CPU.ActiveCfg = Release|iPhone
		{897D3B7E-32FC-47A8-9710-26D3728CB77C}.Release|Any CPU.Build.0 = Release|iPhone
		{897D3B7E-32FC-47A8-9710-26D3728CB77C}.Debug|iPhoneSimulator.ActiveCfg = Debug|iPhoneSimulator
		{897D3B7E-32FC-47A8-9710-26D3728CB77C}.Debug|iPhoneSimulator.Build.0 = Debug|iPhoneSimulator
		{897D3B7E-32FC-47A8-9710-26D3728CB77C}.Release|iPhone.ActiveCfg = Release|iPhone
		{897D3B7E-32FC-47A8-9710-26D3728CB77C}.Release|iPhone.Build.0 = Release|iPhone
		{897D3B7E-32FC-47A8-9710-26D3728CB77C}.Release|iPhoneSimulator.ActiveCfg = Release|iPhoneSimulator
		{897D3B7E-32FC-47A8-9710-26D3728CB77C}.Release|iPhoneSimulator.Build.0 = Release|iPhoneSimulator
		{897D3B7E-32FC-47A8-9710-26D3728CB77C}.Debug|iPhone.ActiveCfg = Debug|iPhone
		{897D3B7E-32FC-47A8-9710-26D3728CB77C}.Debug|iPhone.Build.0 = Debug|iPhone
	EndGlobalSection
	GlobalSection(SolutionProperties) = preSolution
		HideSolutionNode = FALSE
	EndGlobalSection
	GlobalSection(ExtensibilityGlobals) = postSolution
		SolutionGuid = {5F217651-5DBA-47B4-857A-F4017B215CF4}
	EndGlobalSection
EndGlobal
